
Microsoft Visual Studio Solution File, Format Version 12.00
# Visual Studio Version 17
VisualStudioVersion = 17.8.34525.116
MinimumVisualStudioVersion = 10.0.40219.1
Project("{FAE04EC0-301F-11D3-BF4B-00C04F79EFBC}") = "Examen", "Examen\Examen.csproj", "{A1451398-E2F2-4ABD-BFFD-096B7A19B274}"
EndProject
Global
	GlobalSection(SolutionConfigurationPlatforms) = preSolution
		Debug|Any CPU = Debug|Any CPU
		Release|Any CPU = Release|Any CPU
	EndGlobalSection
	GlobalSection(ProjectConfigurationPlatforms) = postSolution
		{A1451398-E2F2-4ABD-BFFD-096B7A19B274}.Debug|Any CPU.ActiveCfg = Debug|Any CPU
		{A1451398-E2F2-4ABD-BFFD-096B7A19B274}.Debug|Any CPU.Build.0 = Debug|Any CPU
		{A1451398-E2F2-4ABD-BFFD-096B7A19B274}.Release|Any CPU.ActiveCfg = Release|Any CPU
		{A1451398-E2F2-4ABD-BFFD-096B7A19B274}.Release|Any CPU.Build.0 = Release|Any CPU
	EndGlobalSection
	GlobalSection(SolutionProperties) = preSolution
		HideSolutionNode = FALSE
	EndGlobalSection
	GlobalSection(ExtensibilityGlobals) = postSolution
		SolutionGuid = {A6AB7D45-7B2D-4F83-B847-DCBF720949BA}
	EndGlobalSection
EndGlobal
